
Microsoft Visual Studio Solution File, Format Version 12.00
# Visual Studio 15
VisualStudioVersion = 15.0.28307.329
MinimumVisualStudioVersion = 10.0.40219.1
Project("{FAE04EC0-301F-11D3-BF4B-00C04F79EFBC}") = "EaseSamples", "EaseSamples\EaseSamples.csproj", "{84667636-3ACC-4AD4-9578-D94657187C6F}"
EndProject
Global
	GlobalSection(SolutionConfigurationPlatforms) = preSolution
		Debug|Any CPU = Debug|Any CPU
		Release|Any CPU = Release|Any CPU
	EndGlobalSection
	GlobalSection(ProjectConfigurationPlatforms) = postSolution
		{84667636-3ACC-4AD4-9578-D94657187C6F}.Debug|Any CPU.ActiveCfg = Debug|Any CPU
		{84667636-3ACC-4AD4-9578-D94657187C6F}.Debug|Any CPU.Build.0 = Debug|Any CPU
		{84667636-3ACC-4AD4-9578-D94657187C6F}.Release|Any CPU.ActiveCfg = Release|Any CPU
		{84667636-3ACC-4AD4-9578-D94657187C6F}.Release|Any CPU.Build.0 = Release|Any CPU
	EndGlobalSection
	GlobalSection(SolutionProperties) = preSolution
		HideSolutionNode = FALSE
	EndGlobalSection
	GlobalSection(ExtensibilityGlobals) = postSolution
		SolutionGuid = {D84F2346-B409-4D4E-922C-907D1C2729A8}
	EndGlobalSection
EndGlobal
